
Microsoft Visual Studio Solution File, Format Version 12.00
# Visual Studio Version 16
VisualStudioVersion = 25.0.1703.5
MinimumVisualStudioVersion = 10.0.40219.1
Project("{FAE04EC0-301F-11D3-BF4B-00C04F79EFBC}") = "APITest", "APITest\APITest.csproj", "{509DAEE4-D52D-4B6C-A5A1-1D9C6CCD0E8A}"
EndProject
Global
	GlobalSection(SolutionConfigurationPlatforms) = preSolution
		Debug|Any CPU = Debug|Any CPU
		Release|Any CPU = Release|Any CPU
	EndGlobalSection
	GlobalSection(ProjectConfigurationPlatforms) = postSolution
		{509DAEE4-D52D-4B6C-A5A1-1D9C6CCD0E8A}.Debug|Any CPU.ActiveCfg = Debug|Any CPU
		{509DAEE4-D52D-4B6C-A5A1-1D9C6CCD0E8A}.Debug|Any CPU.Build.0 = Debug|Any CPU
		{509DAEE4-D52D-4B6C-A5A1-1D9C6CCD0E8A}.Release|Any CPU.ActiveCfg = Release|Any CPU
		{509DAEE4-D52D-4B6C-A5A1-1D9C6CCD0E8A}.Release|Any CPU.Build.0 = Release|Any CPU
	EndGlobalSection
	GlobalSection(SolutionProperties) = preSolution
		HideSolutionNode = FALSE
	EndGlobalSection
	GlobalSection(ExtensibilityGlobals) = postSolution
		SolutionGuid = {61F8414D-9097-485C-A6F8-7308F7B80A5F}
	EndGlobalSection
EndGlobal
