
Microsoft Visual Studio Solution File, Format Version 12.00
# Visual Studio Version 16
VisualStudioVersion = 25.0.1703.5
MinimumVisualStudioVersion = 10.0.40219.1
Project("{FAE04EC0-301F-11D3-BF4B-00C04F79EFBC}") = "api-backend", "api-backend\api-backend.csproj", "{2703C320-98CB-43A7-8319-A193DC54EC6E}"
EndProject
Global
	GlobalSection(SolutionConfigurationPlatforms) = preSolution
		Debug|Any CPU = Debug|Any CPU
		Release|Any CPU = Release|Any CPU
	EndGlobalSection
	GlobalSection(ProjectConfigurationPlatforms) = postSolution
		{2703C320-98CB-43A7-8319-A193DC54EC6E}.Debug|Any CPU.ActiveCfg = Debug|Any CPU
		{2703C320-98CB-43A7-8319-A193DC54EC6E}.Debug|Any CPU.Build.0 = Debug|Any CPU
		{2703C320-98CB-43A7-8319-A193DC54EC6E}.Release|Any CPU.ActiveCfg = Release|Any CPU
		{2703C320-98CB-43A7-8319-A193DC54EC6E}.Release|Any CPU.Build.0 = Release|Any CPU
	EndGlobalSection
	GlobalSection(SolutionProperties) = preSolution
		HideSolutionNode = FALSE
	EndGlobalSection
	GlobalSection(ExtensibilityGlobals) = postSolution
		SolutionGuid = {DA14942B-F8F0-49A0-9CF3-B827B0DFFC79}
	EndGlobalSection
EndGlobal
